PODS:
  - CocoaLumberjack (2.0.0):
    - CocoaLumberjack/Default (= 2.0.0)
    - CocoaLumberjack/Extensions (= 2.0.0)
  - CocoaLumberjack/Core (2.0.0)
  - CocoaLumberjack/Default (2.0.0):
    - CocoaLumberjack/Core
  - CocoaLumberjack/Extensions (2.0.0):
    - CocoaLumberjack/Default
  - Expecta (1.0.0)
  - NBULog (1.2.4):
    - CocoaLumberjack (>= 2.0.0)
  - NNAlertView (1.1.0):
    - NBULog
  - Specta (1.0.1)

DEPENDENCIES:
  - Expecta
  - NNAlertView (from `../`)
  - Specta

EXTERNAL SOURCES:
  NNAlertView:
    :path: ../

SPEC CHECKSUMS:
  CocoaLumberjack: a6f77d987d65dc7ba86b0f84db7d0b9084f77bcb
  Expecta: 32604574add2c46a36f8d2f716b6c5736eb75024
  NBULog: 4003be6706b97a7e376ab4171c666ac7c2fbc2b2
  NNAlertView: cd111815604e1200e24e2da7a37f56245599881b
  Specta: 097be314a75de103703a3bf9a529dc1a398509d7

COCOAPODS: 0.35.0
