PODS:
  - CocoaLumberjack (2.0.0-rc2):
    - CocoaLumberjack/Default (= 2.0.0-rc2)
    - CocoaLumberjack/Extensions (= 2.0.0-rc2)
  - CocoaLumberjack/Core (2.0.0-rc2)
  - CocoaLumberjack/Default (2.0.0-rc2):
    - CocoaLumberjack/Core
  - CocoaLumberjack/Extensions (2.0.0-rc2):
    - CocoaLumberjack/Default
  - Expecta (0.3.2)
  - NBULog (1.2.3):
    - CocoaLumberjack (>= 2.0.0-beta4)
  - NNAlertView (0.1.0):
    - NBULog
  - Specta (0.3.2)

DEPENDENCIES:
  - Expecta
  - NNAlertView (from `../`)
  - Specta

EXTERNAL SOURCES:
  NNAlertView:
    :path: ../

SPEC CHECKSUMS:
  CocoaLumberjack: 6027cd9a0665203a7df456c526e137f02cd547e1
  Expecta: ee641011fe10aa1855d487b40e4976dac50ec342
  NBULog: 029ea974252f6d8e09de38985f67b9740098aa7f
  NNAlertView: 2236f11387cff1900cba47f018ae895ea3aa00bf
  Specta: 698a58ffa5ec948327d3b92eab50ca58d7f4fbe8

COCOAPODS: 0.35.0
